{
  "name": "pdf-efficient-loader",
  "version": "1.0.0",
  "lockfileVersion": 3,
  "requires": true,
  "packages": {
    "": {
      "name": "pdf-efficient-loader",
      "version": "1.0.0",
      "license": "MIT",
      "dependencies": {
        "pdfjs-dist": "^5.4.394"
      }
    },
    "node_modules/@napi-rs/canvas": {
      "version": "0.1.82",
      "resolved": "https://registry.npmjs.org/@napi-rs/canvas/-/canvas-0.1.82.tgz",
      "integrity": "sha512-FGjyUBoF0sl1EenSiE4UV2WYu76q6F9GSYedq5EiOCOyGYoQ/Owulcv6rd7v/tWOpljDDtefXXIaOCJrVKem4w==",
      "license": "MIT",
      "optional": true,
      "workspaces": [
        "e2e/*"
      ],
      "engines": {
        "node": ">= 10"
      },
      "optionalDependencies": {
        "@napi-rs/canvas-android-arm64": "0.1.82",
        "@napi-rs/canvas-darwin-arm64": "0.1.82",
        "@napi-rs/canvas-darwin-x64": "0.1.82",
        "@napi-rs/canvas-linux-arm-gnueabihf": "0.1.82",
        "@napi-rs/canvas-linux-arm64-gnu": "0.1.82",
        "@napi-rs/canvas-linux-arm64-musl": "0.1.82",
        "@napi-rs/canvas-linux-riscv64-gnu": "0.1.82",
        "@napi-rs/canvas-linux-x64-gnu": "0.1.82",
        "@napi-rs/canvas-linux-x64-musl": "0.1.82",
        "@napi-rs/canvas-win32-x64-msvc": "0.1.82"
      }
    },
    "node_modules/@napi-rs/canvas-android-arm64": {
      "version": "0.1.82",
      "resolved": "https://registry.npmjs.org/@napi-rs/canvas-android-arm64/-/canvas-android-arm64-0.1.82.tgz",
      "integrity": "sha512-bvZhN0iI54ouaQOrgJV96H2q7J3ZoufnHf4E1fUaERwW29Rz4rgicohnAg4venwBJZYjGl5Yl3CGmlAl1LZowQ==",
      "cpu": [
        "arm64"
      ],
      "license": "MIT",
      "optional": true,
      "os": [
        "android"
      ],
      "engines": {
        "node": ">= 10"
      }
    },
    "node_modules/@napi-rs/canvas-darwin-arm64": {
      "version": "0.1.82",
      "resolved": "https://registry.npmjs.org/@napi-rs/canvas-darwin-arm64/-/canvas-darwin-arm64-0.1.82.tgz",
      "integrity": "sha512-InuBHKCyuFqhNwNr4gpqazo5Xp6ltKflqOLiROn4hqAS8u21xAHyYCJRgHwd+a5NKmutFTaRWeUIT/vxWbU/iw==",
      "cpu": [
        "arm64"
      ],
      "license": "MIT",
      "optional": true,
      "os": [
        "darwin"
      ],
      "engines": {
        "node": ">= 10"
      }
    },
    "node_modules/@napi-rs/canvas-darwin-x64": {
      "version": "0.1.82",
      "resolved": "https://registry.npmjs.org/@napi-rs/canvas-darwin-x64/-/canvas-darwin-x64-0.1.82.tgz",
      "integrity": "sha512-aQGV5Ynn96onSXcuvYb2y7TRXD/t4CL2EGmnGqvLyeJX1JLSNisKQlWN/1bPDDXymZYSdUqbXehj5qzBlOx+RQ==",
      "cpu": [
        "x64"
      ],
      "license": "MIT",
      "optional": true,
      "os": [
        "darwin"
      ],
      "engines": {
        "node": ">= 10"
      }
    },
    "node_modules/@napi-rs/canvas-linux-arm-gnueabihf": {
      "version": "0.1.82",
      "resolved": "https://registry.npmjs.org/@napi-rs/canvas-linux-arm-gnueabihf/-/canvas-linux-arm-gnueabihf-0.1.82.tgz",
      "integrity": "sha512-YIUpmHWeHGGRhWitT1KJkgj/JPXPfc9ox8oUoyaGPxolLGPp5AxJkq8wIg8CdFGtutget968dtwmx71m8o3h5g==",
      "cpu": [
        "arm"
      ],
      "license": "MIT",
      "optional": true,
      "os": [
        "linux"
      ],
      "engines": {
        "node": ">= 10"
      }
    },
    "node_modules/@napi-rs/canvas-linux-arm64-gnu": {
      "version": "0.1.82",
      "resolved": "https://registry.npmjs.org/@napi-rs/canvas-linux-arm64-gnu/-/canvas-linux-arm64-gnu-0.1.82.tgz",
      "integrity": "sha512-AwLzwLBgmvk7kWeUgItOUor/QyG31xqtD26w1tLpf4yE0hiXTGp23yc669aawjB6FzgIkjh1NKaNS52B7/qEBQ==",
      "cpu": [
        "arm64"
      ],
      "license": "MIT",
      "optional": true,
      "os": [
        "linux"
      ],
      "engines": {
        "node": ">= 10"
      }
    },
    "node_modules/@napi-rs/canvas-linux-arm64-musl": {
      "version": "0.1.82",
      "resolved": "https://registry.npmjs.org/@napi-rs/canvas-linux-arm64-musl/-/canvas-linux-arm64-musl-0.1.82.tgz",
      "integrity": "sha512-moZWuqepAwWBffdF4JDadt8TgBD02iMhG6I1FHZf8xO20AsIp9rB+p0B8Zma2h2vAF/YMjeFCDmW5un6+zZz9g==",
      "cpu": [
        "arm64"
      ],
      "license": "MIT",
      "optional": true,
      "os": [
        "linux"
      ],
      "engines": {
        "node": ">= 10"
      }
    },
    "node_modules/@napi-rs/canvas-linux-riscv64-gnu": {
      "version": "0.1.82",
      "resolved": "https://registry.npmjs.org/@napi-rs/canvas-linux-riscv64-gnu/-/canvas-linux-riscv64-gnu-0.1.82.tgz",
      "integrity": "sha512-w9++2df2kG9eC9LWYIHIlMLuhIrKGQYfUxs97CwgxYjITeFakIRazI9LYWgVzEc98QZ9x9GQvlicFsrROV59MQ==",
      "cpu": [
        "riscv64"
      ],
      "license": "MIT",
      "optional": true,
      "os": [
        "linux"
      ],
      "engines": {
        "node": ">= 10"
      }
    },
    "node_modules/@napi-rs/canvas-linux-x64-gnu": {
      "version": "0.1.82",
      "resolved": "https://registry.npmjs.org/@napi-rs/canvas-linux-x64-gnu/-/canvas-linux-x64-gnu-0.1.82.tgz",
      "integrity": "sha512-lZulOPwrRi6hEg/17CaqdwWEUfOlIJuhXxincx1aVzsVOCmyHf+xFq4i6liJl1P+x2v6Iz2Z/H5zHvXJCC7Bwg==",
      "cpu": [
        "x64"
      ],
      "license": "MIT",
      "optional": true,
      "os": [
        "linux"
      ],
      "engines": {
        "node": ">= 10"
      }
    },
    "node_modules/@napi-rs/canvas-linux-x64-musl": {
      "version": "0.1.82",
      "resolved": "https://registry.npmjs.org/@napi-rs/canvas-linux-x64-musl/-/canvas-linux-x64-musl-0.1.82.tgz",
      "integrity": "sha512-Be9Wf5RTv1w6GXlTph55K3PH3vsAh1Ax4T1FQY1UYM0QfD0yrwGdnJ8/fhqw7dEgMjd59zIbjJQC8C3msbGn5g==",
      "cpu": [
        "x64"
      ],
      "license": "MIT",
      "optional": true,
      "os": [
        "linux"
      ],
      "engines": {
        "node": ">= 10"
      }
    },
    "node_modules/@napi-rs/canvas-win32-x64-msvc": {
      "version": "0.1.82",
      "resolved": "https://registry.npmjs.org/@napi-rs/canvas-win32-x64-msvc/-/canvas-win32-x64-msvc-0.1.82.tgz",
      "integrity": "sha512-LN/i8VrvxTDmEEK1c10z2cdOTkWT76LlTGtyZe5Kr1sqoSomKeExAjbilnu1+oee5lZUgS5yfZ2LNlVhCeARuw==",
      "cpu": [
        "x64"
      ],
      "license": "MIT",
      "optional": true,
      "os": [
        "win32"
      ],
      "engines": {
        "node": ">= 10"
      }
    },
    "node_modules/pdfjs-dist": {
      "version": "5.4.394",
      "resolved": "https://registry.npmjs.org/pdfjs-dist/-/pdfjs-dist-5.4.394.tgz",
      "integrity": "sha512-9ariAYGqUJzx+V/1W4jHyiyCep6IZALmDzoaTLZ6VNu8q9LWi1/ukhzHgE2Xsx96AZi0mbZuK4/ttIbqSbLypg==",
      "license": "Apache-2.0",
      "engines": {
        "node": ">=20.16.0 || >=22.3.0"
      },
      "optionalDependencies": {
        "@napi-rs/canvas": "^0.1.81"
      }
    }
  }
}
